
Microsoft Visual Studio Solution File, Format Version 12.00
# Visual Studio Version 17
VisualStudioVersion = 17.2.32616.157
MinimumVisualStudioVersion = 10.0.40219.1
Project("{FAE04EC0-301F-11D3-BF4B-00C04F79EFBC}") = "Checkout.Kata.BrightHR", "Checkout.Kata.BrightHR\Checkout.Kata.BrightHR.csproj", "{10D06846-2A2A-4914-B80D-140D0FDAE540}"
EndProject
Project("{FAE04EC0-301F-11D3-BF4B-00C04F79EFBC}") = "Checkout.Kata.Tests", "Checkout.Kata.Tests\Checkout.Kata.Tests.csproj", "{2A1B64CA-F652-4797-AA06-CE9407514EDC}"
EndProject
Global
	GlobalSection(SolutionConfigurationPlatforms) = preSolution
		Debug|Any CPU = Debug|Any CPU
		Release|Any CPU = Release|Any CPU
	EndGlobalSection
	GlobalSection(ProjectConfigurationPlatforms) = postSolution
		{10D06846-2A2A-4914-B80D-140D0FDAE540}.Debug|Any CPU.ActiveCfg = Debug|Any CPU
		{10D06846-2A2A-4914-B80D-140D0FDAE540}.Debug|Any CPU.Build.0 = Debug|Any CPU
		{10D06846-2A2A-4914-B80D-140D0FDAE540}.Release|Any CPU.ActiveCfg = Release|Any CPU
		{10D06846-2A2A-4914-B80D-140D0FDAE540}.Release|Any CPU.Build.0 = Release|Any CPU
		{2A1B64CA-F652-4797-AA06-CE9407514EDC}.Debug|Any CPU.ActiveCfg = Debug|Any CPU
		{2A1B64CA-F652-4797-AA06-CE9407514EDC}.Debug|Any CPU.Build.0 = Debug|Any CPU
		{2A1B64CA-F652-4797-AA06-CE9407514EDC}.Release|Any CPU.ActiveCfg = Release|Any CPU
		{2A1B64CA-F652-4797-AA06-CE9407514EDC}.Release|Any CPU.Build.0 = Release|Any CPU
	EndGlobalSection
	GlobalSection(SolutionProperties) = preSolution
		HideSolutionNode = FALSE
	EndGlobalSection
	GlobalSection(ExtensibilityGlobals) = postSolution
		SolutionGuid = {06389F7E-8A20-4122-9D69-1A451D43DE69}
	EndGlobalSection
EndGlobal
